
Microsoft Visual Studio Solution File, Format Version 12.00
# Visual Studio 2012
Project("{FAE04EC0-301F-11D3-BF4B-00C04F79EFBC}") = "MvcPhotos", "MvcPhotos\MvcPhotos.csproj", "{6736D000-E428-45C6-AAB9-B4D6C840AB30}"
EndProject
Project("{FAE04EC0-301F-11D3-BF4B-00C04F79EFBC}") = "MvcPhotos.Tests", "MvcPhotos.Tests\MvcPhotos.Tests.csproj", "{F886BE59-144E-4087-A7A3-3B22DFC45C13}"
EndProject
Global
	GlobalSection(SolutionConfigurationPlatforms) = preSolution
		Debug|Any CPU = Debug|Any CPU
		Release|Any CPU = Release|Any CPU
	EndGlobalSection
	GlobalSection(ProjectConfigurationPlatforms) = postSolution
		{6736D000-E428-45C6-AAB9-B4D6C840AB30}.Debug|Any CPU.ActiveCfg = Debug|Any CPU
		{6736D000-E428-45C6-AAB9-B4D6C840AB30}.Debug|Any CPU.Build.0 = Debug|Any CPU
		{6736D000-E428-45C6-AAB9-B4D6C840AB30}.Release|Any CPU.ActiveCfg = Release|Any CPU
		{6736D000-E428-45C6-AAB9-B4D6C840AB30}.Release|Any CPU.Build.0 = Release|Any CPU
		{F886BE59-144E-4087-A7A3-3B22DFC45C13}.Debug|Any CPU.ActiveCfg = Debug|Any CPU
		{F886BE59-144E-4087-A7A3-3B22DFC45C13}.Debug|Any CPU.Build.0 = Debug|Any CPU
		{F886BE59-144E-4087-A7A3-3B22DFC45C13}.Release|Any CPU.ActiveCfg = Release|Any CPU
		{F886BE59-144E-4087-A7A3-3B22DFC45C13}.Release|Any CPU.Build.0 = Release|Any CPU
	EndGlobalSection
	GlobalSection(SolutionProperties) = preSolution
		HideSolutionNode = FALSE
	EndGlobalSection
EndGlobal
